// !$*UTF8*$!
{
	archiveVersion = 1;
	classes = {
	};
	objectVersion = 50;
	objects = {

/* Begin PBXBuildFile section */
		893CA81927331E2800D93112 /* main.cpp in Sources */ = {isa = PBXBuildFile; fileRef = 893CA81827331E2800D93112 /* main.cpp */; };
		893CA8222738102B00D93112 /* SDL2.framework in Frameworks */ = {isa = PBXBuildFile; fileRef = 893CA8212738102B00D93112 /* SDL2.framework */; };
		893CA8232738102B00D93112 /* SDL2.framework in Embed Frameworks */ = {isa = PBXBuildFile; fileRef = 893CA8212738102B00D93112 /* SDL2.framework */; settings = {ATTRIBUTES = (CodeSignOnCopy, RemoveHeadersOnCopy, ); }; };
		893CA82A273811AE00D93112 /* SDL2_ttf.framework in Frameworks */ = {isa = PBXBuildFile; fileRef = 893CA828273811AE00D93112 /* SDL2_ttf.framework */; };
		893CA82B273811AE00D93112 /* SDL2_ttf.framework in Embed Frameworks */ = {isa = PBXBuildFile; fileRef = 893CA828273811AE00D93112 /* SDL2_ttf.framework */; settings = {ATTRIBUTES = (CodeSignOnCopy, RemoveHeadersOnCopy, ); }; };
		893CA82C273811AE00D93112 /* SDL2_image.framework in Frameworks */ = {isa = PBXBuildFile; fileRef = 893CA829273811AE00D93112 /* SDL2_image.framework */; };
		893CA82D273811AE00D93112 /* SDL2_image.framework in Embed Frameworks */ = {isa = PBXBuildFile; fileRef = 893CA829273811AE00D93112 /* SDL2_image.framework */; settings = {ATTRIBUTES = (CodeSignOnCopy, RemoveHeadersOnCopy, ); }; };
/* End PBXBuildFile section */

/* Begin PBXCopyFilesBuildPhase section */
		893CA81327331E2800D93112 /* CopyFiles */ = {
			isa = PBXCopyFilesBuildPhase;
			buildActionMask = 2147483647;
			dstPath = /usr/share/man/man1/;
			dstSubfolderSpec = 0;
			files = (
			);
			runOnlyForDeploymentPostprocessing = 1;
		};
		893CA8242738102B00D93112 /* Embed Frameworks */ = {
			isa = PBXCopyFilesBuildPhase;
			buildActionMask = 2147483647;
			dstPath = "";
			dstSubfolderSpec = 10;
			files = (
				893CA82D273811AE00D93112 /* SDL2_image.framework in Embed Frameworks */,
				893CA82B273811AE00D93112 /* SDL2_ttf.framework in Embed Frameworks */,
				893CA8232738102B00D93112 /* SDL2.framework in Embed Frameworks */,
			);
			name = "Embed Frameworks";
			runOnlyForDeploymentPostprocessing = 0;
		};
/* End PBXCopyFilesBuildPhase section */

/* Begin PBXFileReference section */
		893CA81527331E2800D93112 /* 3F7 FTR */ = {isa = PBXFileReference; explicitFileType = "compiled.mach-o.executable"; includeInIndex = 0; path = "3F7 FTR"; sourceTree = BUILT_PRODUCTS_DIR; };
		893CA81827331E2800D93112 /* main.cpp */ = {isa = PBXFileReference; lastKnownFileType = sourcecode.cpp.cpp; path = main.cpp; sourceTree = "<group>"; };
		893CA8212738102B00D93112 /* SDL2.framework */ = {isa = PBXFileReference; lastKnownFileType = wrapper.framework; name = SDL2.framework; path = ../../../../Library/Frameworks/SDL2.framework; sourceTree = "<group>"; };
		893CA828273811AE00D93112 /* SDL2_ttf.framework */ = {isa = PBXFileReference; lastKnownFileType = wrapper.framework; name = SDL2_ttf.framework; path = ../../../../Library/Frameworks/SDL2_ttf.framework; sourceTree = "<group>"; };
		893CA829273811AE00D93112 /* SDL2_image.framework */ = {isa = PBXFileReference; lastKnownFileType = wrapper.framework; name = SDL2_image.framework; path = ../../../../Library/Frameworks/SDL2_image.framework; sourceTree = "<group>"; };
		893CA82E273823AB00D93112 /* Header.hpp */ = {isa = PBXFileReference; fileEncoding = 4; lastKnownFileType = sourcecode.cpp.h; name = Header.hpp; path = ../../Tools2/Tools2/Header.hpp; sourceTree = "<group>"; };
		893CA82F273823AB00D93112 /* Vector2D.hpp */ = {isa = PBXFileReference; fileEncoding = 4; lastKnownFileType = sourcecode.cpp.h; name = Vector2D.hpp; path = ../../Tools2/Tools2/Vector2D.hpp; sourceTree = "<group>"; };
		893CA830273823AB00D93112 /* Axes.hpp */ = {isa = PBXFileReference; fileEncoding = 4; lastKnownFileType = sourcecode.cpp.h; name = Axes.hpp; path = ../../Tools2/Tools2/Axes.hpp; sourceTree = "<group>"; tabWidth = 5; };
		893CA831273823AB00D93112 /* functions.hpp */ = {isa = PBXFileReference; fileEncoding = 4; lastKnownFileType = sourcecode.cpp.h; name = functions.hpp; path = ../../Tools2/Tools2/functions.hpp; sourceTree = "<group>"; };
/* End PBXFileReference section */

/* Begin PBXFrameworksBuildPhase section */
		893CA81227331E2800D93112 /* Frameworks */ = {
			isa = PBXFrameworksBuildPhase;
			buildActionMask = 2147483647;
			files = (
				893CA82C273811AE00D93112 /* SDL2_image.framework in Frameworks */,
				893CA82A273811AE00D93112 /* SDL2_ttf.framework in Frameworks */,
				893CA8222738102B00D93112 /* SDL2.framework in Frameworks */,
			);
			runOnlyForDeploymentPostprocessing = 0;
		};
/* End PBXFrameworksBuildPhase section */

/* Begin PBXGroup section */
		893CA80C27331E2800D93112 = {
			isa = PBXGroup;
			children = (
				893CA81727331E2800D93112 /* 3F7 FTR */,
				893CA81627331E2800D93112 /* Products */,
				893CA8202738102B00D93112 /* Frameworks */,
			);
			sourceTree = "<group>";
		};
		893CA81627331E2800D93112 /* Products */ = {
			isa = PBXGroup;
			children = (
				893CA81527331E2800D93112 /* 3F7 FTR */,
			);
			name = Products;
			sourceTree = "<group>";
		};
		893CA81727331E2800D93112 /* 3F7 FTR */ = {
			isa = PBXGroup;
			children = (
				893CA82F273823AB00D93112 /* Vector2D.hpp */,
				893CA831273823AB00D93112 /* functions.hpp */,
				893CA82E273823AB00D93112 /* Header.hpp */,
				893CA830273823AB00D93112 /* Axes.hpp */,
				893CA81827331E2800D93112 /* main.cpp */,
			);
			path = "3F7 FTR";
			sourceTree = "<group>";
		};
		893CA8202738102B00D93112 /* Frameworks */ = {
			isa = PBXGroup;
			children = (
				893CA829273811AE00D93112 /* SDL2_image.framework */,
				893CA828273811AE00D93112 /* SDL2_ttf.framework */,
				893CA8212738102B00D93112 /* SDL2.framework */,
			);
			name = Frameworks;
			sourceTree = "<group>";
		};
/* End PBXGroup section */

/* Begin PBXNativeTarget section */
		893CA81427331E2800D93112 /* 3F7 FTR */ = {
			isa = PBXNativeTarget;
			buildConfigurationList = 893CA81C27331E2800D93112 /* Build configuration list for PBXNativeTarget "3F7 FTR" */;
			buildPhases = (
				893CA81127331E2800D93112 /* Sources */,
				893CA81227331E2800D93112 /* Frameworks */,
				893CA81327331E2800D93112 /* CopyFiles */,
				893CA8242738102B00D93112 /* Embed Frameworks */,
			);
			buildRules = (
			);
			dependencies = (
			);
			name = "3F7 FTR";
			productName = "3F7 FTR";
			productReference = 893CA81527331E2800D93112 /* 3F7 FTR */;
			productType = "com.apple.product-type.tool";
		};
/* End PBXNativeTarget section */

/* Begin PBXProject section */
		893CA80D27331E2800D93112 /* Project object */ = {
			isa = PBXProject;
			attributes = {
				LastUpgradeCheck = 1250;
				TargetAttributes = {
					893CA81427331E2800D93112 = {
						CreatedOnToolsVersion = 12.5.1;
					};
				};
			};
			buildConfigurationList = 893CA81027331E2800D93112 /* Build configuration list for PBXProject "3F7 FTR" */;
			compatibilityVersion = "Xcode 9.3";
			developmentRegion = en;
			hasScannedForEncodings = 0;
			knownRegions = (
				en,
				Base,
			);
			mainGroup = 893CA80C27331E2800D93112;
			productRefGroup = 893CA81627331E2800D93112 /* Products */;
			projectDirPath = "";
			projectRoot = "";
			targets = (
				893CA81427331E2800D93112 /* 3F7 FTR */,
			);
		};
/* End PBXProject section */

/* Begin PBXSourcesBuildPhase section */
		893CA81127331E2800D93112 /* Sources */ = {
			isa = PBXSourcesBuildPhase;
			buildActionMask = 2147483647;
			files = (
				893CA81927331E2800D93112 /* main.cpp in Sources */,
			);
			runOnlyForDeploymentPostprocessing = 0;
		};
/* End PBXSourcesBuildPhase section */

/* Begin XCBuildConfiguration section */
		893CA81A27331E2800D93112 /* Debug */ = {
			isa = XCBuildConfiguration;
			buildSettings = {
				ALWAYS_SEARCH_USER_PATHS = NO;
				CLANG_ANALYZER_NONNULL = YES;
				CLANG_ANALYZER_NUMBER_OBJECT_CONVERSION = YES_AGGRESSIVE;
				CLANG_CXX_LANGUAGE_STANDARD = "gnu++14";
				CLANG_CXX_LIBRARY = "libc++";
				CLANG_ENABLE_MODULES = YES;
				CLANG_ENABLE_OBJC_ARC = YES;
				CLANG_ENABLE_OBJC_WEAK = YES;
				CLANG_WARN_BLOCK_CAPTURE_AUTORELEASING = YES;
				CLANG_WARN_BOOL_CONVERSION = YES;
				CLANG_WARN_COMMA = YES;
				CLANG_WARN_CONSTANT_CONVERSION = YES;
				CLANG_WARN_DEPRECATED_OBJC_IMPLEMENTATIONS = YES;
				CLANG_WARN_DIRECT_OBJC_ISA_USAGE = YES_ERROR;
				CLANG_WARN_DOCUMENTATION_COMMENTS = YES;
				CLANG_WARN_EMPTY_BODY = YES;
				CLANG_WARN_ENUM_CONVERSION = YES;
				CLANG_WARN_INFINITE_RECURSION = YES;
				CLANG_WARN_INT_CONVERSION = YES;
				CLANG_WARN_NON_LITERAL_NULL_CONVERSION = YES;
				CLANG_WARN_OBJC_IMPLICIT_RETAIN_SELF = YES;
				CLANG_WARN_OBJC_LITERAL_CONVERSION = YES;
				CLANG_WARN_OBJC_ROOT_CLASS = YES_ERROR;
				CLANG_WARN_QUOTED_INCLUDE_IN_FRAMEWORK_HEADER = YES;
				CLANG_WARN_RANGE_LOOP_ANALYSIS = YES;
				CLANG_WARN_STRICT_PROTOTYPES = YES;
				CLANG_WARN_SUSPICIOUS_MOVE = YES;
				CLANG_WARN_UNGUARDED_AVAILABILITY = YES_AGGRESSIVE;
				CLANG_WARN_UNREACHABLE_CODE = YES;
				CLANG_WARN__DUPLICATE_METHOD_MATCH = YES;
				COPY_PHASE_STRIP = NO;
				DEBUG_INFORMATION_FORMAT = dwarf;
				ENABLE_STRICT_OBJC_MSGSEND = YES;
				ENABLE_TESTABILITY = YES;
				GCC_C_LANGUAGE_STANDARD = gnu11;
				GCC_DYNAMIC_NO_PIC = NO;
				GCC_NO_COMMON_BLOCKS = YES;
				GCC_OPTIMIZATION_LEVEL = 0;
				GCC_PREPROCESSOR_DEFINITIONS = (
					"DEBUG=1",
					"$(inherited)",
				);
				GCC_WARN_64_TO_32_BIT_CONVERSION = YES;
				GCC_WARN_ABOUT_RETURN_TYPE = YES_ERROR;
				GCC_WARN_UNDECLARED_SELECTOR = YES;
				GCC_WARN_UNINITIALIZED_AUTOS = YES_AGGRESSIVE;
				GCC_WARN_UNUSED_FUNCTION = YES;
				GCC_WARN_UNUSED_VARIABLE = YES;
				MACOSX_DEPLOYMENT_TARGET = 11.3;
				MTL_ENABLE_DEBUG_INFO = INCLUDE_SOURCE;
				MTL_FAST_MATH = YES;
				ONLY_ACTIVE_ARCH = YES;
				SDKROOT = macosx;
			};
			name = Debug;
		};
		893CA81B27331E2800D93112 /* Release */ = {
			isa = XCBuildConfiguration;
			buildSettings = {
				ALWAYS_SEARCH_USER_PATHS = NO;
				CLANG_ANALYZER_NONNULL = YES;
				CLANG_ANALYZER_NUMBER_OBJECT_CONVERSION = YES_AGGRESSIVE;
				CLANG_CXX_LANGUAGE_STANDARD = "gnu++14";
				CLANG_CXX_LIBRARY = "libc++";
				CLANG_ENABLE_MODULES = YES;
				CLANG_ENABLE_OBJC_ARC = YES;
				CLANG_ENABLE_OBJC_WEAK = YES;
				CLANG_WARN_BLOCK_CAPTURE_AUTORELEASING = YES;
				CLANG_WARN_BOOL_CONVERSION = YES;
				CLANG_WARN_COMMA = YES;
				CLANG_WARN_CONSTANT_CONVERSION = YES;
				CLANG_WARN_DEPRECATED_OBJC_IMPLEMENTATIONS = YES;
				CLANG_WARN_DIRECT_OBJC_ISA_USAGE = YES_ERROR;
				CLANG_WARN_DOCUMENTATION_COMMENTS = YES;
				CLANG_WARN_EMPTY_BODY = YES;
				CLANG_WARN_ENUM_CONVERSION = YES;
				CLANG_WARN_INFINITE_RECURSION = YES;
				CLANG_WARN_INT_CONVERSION = YES;
				CLANG_WARN_NON_LITERAL_NULL_CONVERSION = YES;
				CLANG_WARN_OBJC_IMPLICIT_RETAIN_SELF = YES;
				CLANG_WARN_OBJC_LITERAL_CONVERSION = YES;
				CLANG_WARN_OBJC_ROOT_CLASS = YES_ERROR;
				CLANG_WARN_QUOTED_INCLUDE_IN_FRAMEWORK_HEADER = YES;
				CLANG_WARN_RANGE_LOOP_ANALYSIS = YES;
				CLANG_WARN_STRICT_PROTOTYPES = YES;
				CLANG_WARN_SUSPICIOUS_MOVE = YES;
				CLANG_WARN_UNGUARDED_AVAILABILITY = YES_AGGRESSIVE;
				CLANG_WARN_UNREACHABLE_CODE = YES;
				CLANG_WARN__DUPLICATE_METHOD_MATCH = YES;
				COPY_PHASE_STRIP = NO;
				DEBUG_INFORMATION_FORMAT = "dwarf-with-dsym";
				ENABLE_NS_ASSERTIONS = NO;
				ENABLE_STRICT_OBJC_MSGSEND = YES;
				GCC_C_LANGUAGE_STANDARD = gnu11;
				GCC_NO_COMMON_BLOCKS = YES;
				GCC_WARN_64_TO_32_BIT_CONVERSION = YES;
				GCC_WARN_ABOUT_RETURN_TYPE = YES_ERROR;
				GCC_WARN_UNDECLARED_SELECTOR = YES;
				GCC_WARN_UNINITIALIZED_AUTOS = YES_AGGRESSIVE;
				GCC_WARN_UNUSED_FUNCTION = YES;
				GCC_WARN_UNUSED_VARIABLE = YES;
				MACOSX_DEPLOYMENT_TARGET = 11.3;
				MTL_ENABLE_DEBUG_INFO = NO;
				MTL_FAST_MATH = YES;
				SDKROOT = macosx;
			};
			name = Release;
		};
		893CA81D27331E2800D93112 /* Debug */ = {
			isa = XCBuildConfiguration;
			buildSettings = {
				CODE_SIGN_STYLE = Automatic;
				FRAMEWORK_SEARCH_PATHS = (
					"$(inherited)",
					"$(LOCAL_LIBRARY_DIR)/Frameworks",
				);
				PRODUCT_NAME = "$(TARGET_NAME)";
			};
			name = Debug;
		};
		893CA81E27331E2800D93112 /* Release */ = {
			isa = XCBuildConfiguration;
			buildSettings = {
				CODE_SIGN_STYLE = Automatic;
				FRAMEWORK_SEARCH_PATHS = (
					"$(inherited)",
					"$(LOCAL_LIBRARY_DIR)/Frameworks",
				);
				PRODUCT_NAME = "$(TARGET_NAME)";
			};
			name = Release;
		};
/* End XCBuildConfiguration section */

/* Begin XCConfigurationList section */
		893CA81027331E2800D93112 /* Build configuration list for PBXProject "3F7 FTR" */ = {
			isa = XCConfigurationList;
			buildConfigurations = (
				893CA81A27331E2800D93112 /* Debug */,
				893CA81B27331E2800D93112 /* Release */,
			);
			defaultConfigurationIsVisible = 0;
			defaultConfigurationName = Release;
		};
		893CA81C27331E2800D93112 /* Build configuration list for PBXNativeTarget "3F7 FTR" */ = {
			isa = XCConfigurationList;
			buildConfigurations = (
				893CA81D27331E2800D93112 /* Debug */,
				893CA81E27331E2800D93112 /* Release */,
			);
			defaultConfigurationIsVisible = 0;
			defaultConfigurationName = Release;
		};
/* End XCConfigurationList section */
	};
	rootObject = 893CA80D27331E2800D93112 /* Project object */;
}
