// !$*UTF8*$!
{
	archiveVersion = 1;
	classes = {
	};
	objectVersion = 50;
	objects = {

/* Begin PBXBuildFile section */
		89971786244CD62000BD298D /* main.cpp in Sources */ = {isa = PBXBuildFile; fileRef = 89971785244CD62000BD298D /* main.cpp */; };
		8997178E244CD63300BD298D /* SDL2.framework in Frameworks */ = {isa = PBXBuildFile; fileRef = 8997178D244CD63300BD298D /* SDL2.framework */; };
		8997178F244CD63300BD298D /* SDL2.framework in Embed Frameworks */ = {isa = PBXBuildFile; fileRef = 8997178D244CD63300BD298D /* SDL2.framework */; settings = {ATTRIBUTES = (CodeSignOnCopy, RemoveHeadersOnCopy, ); }; };
		89971796244CFB7A00BD298D /* Server.cpp in Sources */ = {isa = PBXBuildFile; fileRef = 89971794244CFB7A00BD298D /* Server.cpp */; };
		8997179A244D000F00BD298D /* Client.cpp in Sources */ = {isa = PBXBuildFile; fileRef = 89971798244D000F00BD298D /* Client.cpp */; };
		8997179E244DF6ED00BD298D /* SDL2_net.framework in Frameworks */ = {isa = PBXBuildFile; fileRef = 89971791244CD81900BD298D /* SDL2_net.framework */; };
		8997179F244DF6ED00BD298D /* SDL2_net.framework in Embed Frameworks */ = {isa = PBXBuildFile; fileRef = 89971791244CD81900BD298D /* SDL2_net.framework */; settings = {ATTRIBUTES = (CodeSignOnCopy, RemoveHeadersOnCopy, ); }; };
/* End PBXBuildFile section */

/* Begin PBXCopyFilesBuildPhase section */
		89971780244CD62000BD298D /* CopyFiles */ = {
			isa = PBXCopyFilesBuildPhase;
			buildActionMask = 2147483647;
			dstPath = /usr/share/man/man1/;
			dstSubfolderSpec = 0;
			files = (
			);
			runOnlyForDeploymentPostprocessing = 1;
		};
		89971790244CD63300BD298D /* Embed Frameworks */ = {
			isa = PBXCopyFilesBuildPhase;
			buildActionMask = 2147483647;
			dstPath = "";
			dstSubfolderSpec = 10;
			files = (
				8997178F244CD63300BD298D /* SDL2.framework in Embed Frameworks */,
				8997179F244DF6ED00BD298D /* SDL2_net.framework in Embed Frameworks */,
			);
			name = "Embed Frameworks";
			runOnlyForDeploymentPostprocessing = 0;
		};
/* End PBXCopyFilesBuildPhase section */

/* Begin PBXFileReference section */
		89971782244CD62000BD298D /* SDL_NetAttempt */ = {isa = PBXFileReference; explicitFileType = "compiled.mach-o.executable"; includeInIndex = 0; path = SDL_NetAttempt; sourceTree = BUILT_PRODUCTS_DIR; };
		89971785244CD62000BD298D /* main.cpp */ = {isa = PBXFileReference; lastKnownFileType = sourcecode.cpp.cpp; path = main.cpp; sourceTree = "<group>"; };
		8997178D244CD63300BD298D /* SDL2.framework */ = {isa = PBXFileReference; lastKnownFileType = wrapper.framework; name = SDL2.framework; path = ../../../../Library/Frameworks/SDL2.framework; sourceTree = "<group>"; };
		89971791244CD81900BD298D /* SDL2_net.framework */ = {isa = PBXFileReference; lastKnownFileType = wrapper.framework; name = SDL2_net.framework; path = ../../../../Library/Frameworks/SDL2_net.framework; sourceTree = "<group>"; };
		89971794244CFB7A00BD298D /* Server.cpp */ = {isa = PBXFileReference; lastKnownFileType = sourcecode.cpp.cpp; path = Server.cpp; sourceTree = "<group>"; };
		89971795244CFB7A00BD298D /* Server.hpp */ = {isa = PBXFileReference; lastKnownFileType = sourcecode.cpp.h; path = Server.hpp; sourceTree = "<group>"; };
		89971797244CFC0E00BD298D /* header.hpp */ = {isa = PBXFileReference; lastKnownFileType = sourcecode.cpp.h; path = header.hpp; sourceTree = "<group>"; };
		89971798244D000F00BD298D /* Client.cpp */ = {isa = PBXFileReference; lastKnownFileType = sourcecode.cpp.cpp; path = Client.cpp; sourceTree = "<group>"; };
		89971799244D000F00BD298D /* Client.hpp */ = {isa = PBXFileReference; lastKnownFileType = sourcecode.cpp.h; path = Client.hpp; sourceTree = "<group>"; };
		899717A0244F2B5200BD298D /* Network.hpp */ = {isa = PBXFileReference; lastKnownFileType = sourcecode.cpp.h; path = Network.hpp; sourceTree = "<group>"; };
/* End PBXFileReference section */

/* Begin PBXFrameworksBuildPhase section */
		8997177F244CD62000BD298D /* Frameworks */ = {
			isa = PBXFrameworksBuildPhase;
			buildActionMask = 2147483647;
			files = (
				8997178E244CD63300BD298D /* SDL2.framework in Frameworks */,
				8997179E244DF6ED00BD298D /* SDL2_net.framework in Frameworks */,
			);
			runOnlyForDeploymentPostprocessing = 0;
		};
/* End PBXFrameworksBuildPhase section */

/* Begin PBXGroup section */
		89971779244CD62000BD298D = {
			isa = PBXGroup;
			children = (
				89971784244CD62000BD298D /* SDL_NetAttempt */,
				89971783244CD62000BD298D /* Products */,
				8997178C244CD63300BD298D /* Frameworks */,
			);
			sourceTree = "<group>";
		};
		89971783244CD62000BD298D /* Products */ = {
			isa = PBXGroup;
			children = (
				89971782244CD62000BD298D /* SDL_NetAttempt */,
			);
			name = Products;
			sourceTree = "<group>";
		};
		89971784244CD62000BD298D /* SDL_NetAttempt */ = {
			isa = PBXGroup;
			children = (
				89971797244CFC0E00BD298D /* header.hpp */,
				899717A0244F2B5200BD298D /* Network.hpp */,
				89971799244D000F00BD298D /* Client.hpp */,
				89971798244D000F00BD298D /* Client.cpp */,
				89971795244CFB7A00BD298D /* Server.hpp */,
				89971794244CFB7A00BD298D /* Server.cpp */,
				89971785244CD62000BD298D /* main.cpp */,
			);
			path = SDL_NetAttempt;
			sourceTree = "<group>";
		};
		8997178C244CD63300BD298D /* Frameworks */ = {
			isa = PBXGroup;
			children = (
				89971791244CD81900BD298D /* SDL2_net.framework */,
				8997178D244CD63300BD298D /* SDL2.framework */,
			);
			name = Frameworks;
			sourceTree = "<group>";
		};
/* End PBXGroup section */

/* Begin PBXNativeTarget section */
		89971781244CD62000BD298D /* SDL_NetAttempt */ = {
			isa = PBXNativeTarget;
			buildConfigurationList = 89971789244CD62000BD298D /* Build configuration list for PBXNativeTarget "SDL_NetAttempt" */;
			buildPhases = (
				8997177E244CD62000BD298D /* Sources */,
				8997177F244CD62000BD298D /* Frameworks */,
				89971780244CD62000BD298D /* CopyFiles */,
				89971790244CD63300BD298D /* Embed Frameworks */,
			);
			buildRules = (
			);
			dependencies = (
			);
			name = SDL_NetAttempt;
			productName = SDL_NetAttempt;
			productReference = 89971782244CD62000BD298D /* SDL_NetAttempt */;
			productType = "com.apple.product-type.tool";
		};
/* End PBXNativeTarget section */

/* Begin PBXProject section */
		8997177A244CD62000BD298D /* Project object */ = {
			isa = PBXProject;
			attributes = {
				LastUpgradeCheck = 1130;
				ORGANIZATIONNAME = EP;
				TargetAttributes = {
					89971781244CD62000BD298D = {
						CreatedOnToolsVersion = 11.3;
					};
				};
			};
			buildConfigurationList = 8997177D244CD62000BD298D /* Build configuration list for PBXProject "SDL_NetAttempt" */;
			compatibilityVersion = "Xcode 9.3";
			developmentRegion = en;
			hasScannedForEncodings = 0;
			knownRegions = (
				en,
				Base,
			);
			mainGroup = 89971779244CD62000BD298D;
			productRefGroup = 89971783244CD62000BD298D /* Products */;
			projectDirPath = "";
			projectRoot = "";
			targets = (
				89971781244CD62000BD298D /* SDL_NetAttempt */,
			);
		};
/* End PBXProject section */

/* Begin PBXSourcesBuildPhase section */
		8997177E244CD62000BD298D /* Sources */ = {
			isa = PBXSourcesBuildPhase;
			buildActionMask = 2147483647;
			files = (
				89971796244CFB7A00BD298D /* Server.cpp in Sources */,
				89971786244CD62000BD298D /* main.cpp in Sources */,
				8997179A244D000F00BD298D /* Client.cpp in Sources */,
			);
			runOnlyForDeploymentPostprocessing = 0;
		};
/* End PBXSourcesBuildPhase section */

/* Begin XCBuildConfiguration section */
		89971787244CD62000BD298D /* Debug */ = {
			isa = XCBuildConfiguration;
			buildSettings = {
				ALWAYS_SEARCH_USER_PATHS = NO;
				CLANG_ANALYZER_NONNULL = YES;
				CLANG_ANALYZER_NUMBER_OBJECT_CONVERSION = YES_AGGRESSIVE;
				CLANG_CXX_LANGUAGE_STANDARD = "gnu++14";
				CLANG_CXX_LIBRARY = "libc++";
				CLANG_ENABLE_MODULES = YES;
				CLANG_ENABLE_OBJC_ARC = YES;
				CLANG_ENABLE_OBJC_WEAK = YES;
				CLANG_WARN_BLOCK_CAPTURE_AUTORELEASING = YES;
				CLANG_WARN_BOOL_CONVERSION = YES;
				CLANG_WARN_COMMA = YES;
				CLANG_WARN_CONSTANT_CONVERSION = YES;
				CLANG_WARN_DEPRECATED_OBJC_IMPLEMENTATIONS = YES;
				CLANG_WARN_DIRECT_OBJC_ISA_USAGE = YES_ERROR;
				CLANG_WARN_DOCUMENTATION_COMMENTS = YES;
				CLANG_WARN_EMPTY_BODY = YES;
				CLANG_WARN_ENUM_CONVERSION = YES;
				CLANG_WARN_INFINITE_RECURSION = YES;
				CLANG_WARN_INT_CONVERSION = YES;
				CLANG_WARN_NON_LITERAL_NULL_CONVERSION = YES;
				CLANG_WARN_OBJC_IMPLICIT_RETAIN_SELF = YES;
				CLANG_WARN_OBJC_LITERAL_CONVERSION = YES;
				CLANG_WARN_OBJC_ROOT_CLASS = YES_ERROR;
				CLANG_WARN_RANGE_LOOP_ANALYSIS = YES;
				CLANG_WARN_STRICT_PROTOTYPES = YES;
				CLANG_WARN_SUSPICIOUS_MOVE = YES;
				CLANG_WARN_UNGUARDED_AVAILABILITY = YES_AGGRESSIVE;
				CLANG_WARN_UNREACHABLE_CODE = YES;
				CLANG_WARN__DUPLICATE_METHOD_MATCH = YES;
				COPY_PHASE_STRIP = NO;
				DEBUG_INFORMATION_FORMAT = dwarf;
				ENABLE_STRICT_OBJC_MSGSEND = YES;
				ENABLE_TESTABILITY = YES;
				GCC_C_LANGUAGE_STANDARD = gnu11;
				GCC_DYNAMIC_NO_PIC = NO;
				GCC_NO_COMMON_BLOCKS = YES;
				GCC_OPTIMIZATION_LEVEL = 0;
				GCC_PREPROCESSOR_DEFINITIONS = (
					"DEBUG=1",
					"$(inherited)",
				);
				GCC_WARN_64_TO_32_BIT_CONVERSION = YES;
				GCC_WARN_ABOUT_RETURN_TYPE = YES_ERROR;
				GCC_WARN_UNDECLARED_SELECTOR = YES;
				GCC_WARN_UNINITIALIZED_AUTOS = YES_AGGRESSIVE;
				GCC_WARN_UNUSED_FUNCTION = YES;
				GCC_WARN_UNUSED_VARIABLE = YES;
				MACOSX_DEPLOYMENT_TARGET = 10.15;
				MTL_ENABLE_DEBUG_INFO = INCLUDE_SOURCE;
				MTL_FAST_MATH = YES;
				ONLY_ACTIVE_ARCH = YES;
				SDKROOT = macosx;
			};
			name = Debug;
		};
		89971788244CD62000BD298D /* Release */ = {
			isa = XCBuildConfiguration;
			buildSettings = {
				ALWAYS_SEARCH_USER_PATHS = NO;
				CLANG_ANALYZER_NONNULL = YES;
				CLANG_ANALYZER_NUMBER_OBJECT_CONVERSION = YES_AGGRESSIVE;
				CLANG_CXX_LANGUAGE_STANDARD = "gnu++14";
				CLANG_CXX_LIBRARY = "libc++";
				CLANG_ENABLE_MODULES = YES;
				CLANG_ENABLE_OBJC_ARC = YES;
				CLANG_ENABLE_OBJC_WEAK = YES;
				CLANG_WARN_BLOCK_CAPTURE_AUTORELEASING = YES;
				CLANG_WARN_BOOL_CONVERSION = YES;
				CLANG_WARN_COMMA = YES;
				CLANG_WARN_CONSTANT_CONVERSION = YES;
				CLANG_WARN_DEPRECATED_OBJC_IMPLEMENTATIONS = YES;
				CLANG_WARN_DIRECT_OBJC_ISA_USAGE = YES_ERROR;
				CLANG_WARN_DOCUMENTATION_COMMENTS = YES;
				CLANG_WARN_EMPTY_BODY = YES;
				CLANG_WARN_ENUM_CONVERSION = YES;
				CLANG_WARN_INFINITE_RECURSION = YES;
				CLANG_WARN_INT_CONVERSION = YES;
				CLANG_WARN_NON_LITERAL_NULL_CONVERSION = YES;
				CLANG_WARN_OBJC_IMPLICIT_RETAIN_SELF = YES;
				CLANG_WARN_OBJC_LITERAL_CONVERSION = YES;
				CLANG_WARN_OBJC_ROOT_CLASS = YES_ERROR;
				CLANG_WARN_RANGE_LOOP_ANALYSIS = YES;
				CLANG_WARN_STRICT_PROTOTYPES = YES;
				CLANG_WARN_SUSPICIOUS_MOVE = YES;
				CLANG_WARN_UNGUARDED_AVAILABILITY = YES_AGGRESSIVE;
				CLANG_WARN_UNREACHABLE_CODE = YES;
				CLANG_WARN__DUPLICATE_METHOD_MATCH = YES;
				COPY_PHASE_STRIP = NO;
				DEBUG_INFORMATION_FORMAT = "dwarf-with-dsym";
				ENABLE_NS_ASSERTIONS = NO;
				ENABLE_STRICT_OBJC_MSGSEND = YES;
				GCC_C_LANGUAGE_STANDARD = gnu11;
				GCC_NO_COMMON_BLOCKS = YES;
				GCC_WARN_64_TO_32_BIT_CONVERSION = YES;
				GCC_WARN_ABOUT_RETURN_TYPE = YES_ERROR;
				GCC_WARN_UNDECLARED_SELECTOR = YES;
				GCC_WARN_UNINITIALIZED_AUTOS = YES_AGGRESSIVE;
				GCC_WARN_UNUSED_FUNCTION = YES;
				GCC_WARN_UNUSED_VARIABLE = YES;
				MACOSX_DEPLOYMENT_TARGET = 10.15;
				MTL_ENABLE_DEBUG_INFO = NO;
				MTL_FAST_MATH = YES;
				SDKROOT = macosx;
			};
			name = Release;
		};
		8997178A244CD62000BD298D /* Debug */ = {
			isa = XCBuildConfiguration;
			buildSettings = {
				CODE_SIGN_IDENTITY = "Apple Development";
				CODE_SIGN_STYLE = Automatic;
				DEVELOPMENT_TEAM = 4LUSWV884R;
				FRAMEWORK_SEARCH_PATHS = (
					"$(inherited)",
					"$(LOCAL_LIBRARY_DIR)/Frameworks",
				);
				PRODUCT_NAME = "$(TARGET_NAME)";
				PROVISIONING_PROFILE_SPECIFIER = "";
			};
			name = Debug;
		};
		8997178B244CD62000BD298D /* Release */ = {
			isa = XCBuildConfiguration;
			buildSettings = {
				CODE_SIGN_IDENTITY = "Apple Development";
				CODE_SIGN_STYLE = Automatic;
				DEVELOPMENT_TEAM = 4LUSWV884R;
				FRAMEWORK_SEARCH_PATHS = (
					"$(inherited)",
					"$(LOCAL_LIBRARY_DIR)/Frameworks",
				);
				PRODUCT_NAME = "$(TARGET_NAME)";
				PROVISIONING_PROFILE_SPECIFIER = "";
			};
			name = Release;
		};
/* End XCBuildConfiguration section */

/* Begin XCConfigurationList section */
		8997177D244CD62000BD298D /* Build configuration list for PBXProject "SDL_NetAttempt" */ = {
			isa = XCConfigurationList;
			buildConfigurations = (
				89971787244CD62000BD298D /* Debug */,
				89971788244CD62000BD298D /* Release */,
			);
			defaultConfigurationIsVisible = 0;
			defaultConfigurationName = Release;
		};
		89971789244CD62000BD298D /* Build configuration list for PBXNativeTarget "SDL_NetAttempt" */ = {
			isa = XCConfigurationList;
			buildConfigurations = (
				8997178A244CD62000BD298D /* Debug */,
				8997178B244CD62000BD298D /* Release */,
			);
			defaultConfigurationIsVisible = 0;
			defaultConfigurationName = Release;
		};
/* End XCConfigurationList section */
	};
	rootObject = 8997177A244CD62000BD298D /* Project object */;
}
